// !$*UTF8*$!
{
	archiveVersion = 1;
	classes = {
	};
	objectVersion = 50;
	objects = {

/* Begin PBXBuildFile section */
		7398D93A211DF1BE008C7CB7 /* AppDelegate.swift in Sources */ = {isa = PBXBuildFile; fileRef = 7398D939211DF1BE008C7CB7 /* AppDelegate.swift */; };
		7398D93C211DF1BE008C7CB7 /* ViewController.swift in Sources */ = {isa = PBXBuildFile; fileRef = 7398D93B211DF1BE008C7CB7 /* ViewController.swift */; };
		7398D93F211DF1BE008C7CB7 /* Main.storyboard in Resources */ = {isa = PBXBuildFile; fileRef = 7398D93D211DF1BE008C7CB7 /* Main.storyboard */; };
		7398D941211DF1C0008C7CB7 /* Assets.xcassets in Resources */ = {isa = PBXBuildFile; fileRef = 7398D940211DF1C0008C7CB7 /* Assets.xcassets */; };
		7398D944211DF1C0008C7CB7 /* LaunchScreen.storyboard in Resources */ = {isa = PBXBuildFile; fileRef = 7398D942211DF1C0008C7CB7 /* LaunchScreen.storyboard */; };
		7398D94C211EA88E008C7CB7 /* DoorsTableViewController.swift in Sources */ = {isa = PBXBuildFile; fileRef = 7398D94B211EA88E008C7CB7 /* DoorsTableViewController.swift */; };
		7398D94E211EA9C1008C7CB7 /* TextViewController.swift in Sources */ = {isa = PBXBuildFile; fileRef = 7398D94D211EA9C1008C7CB7 /* TextViewController.swift */; };
		7398D950211EA9DB008C7CB7 /* DoorsFile.swift in Sources */ = {isa = PBXBuildFile; fileRef = 7398D94F211EA9DB008C7CB7 /* DoorsFile.swift */; };
/* End PBXBuildFile section */

/* Begin PBXFileReference section */
		7398D936211DF1BE008C7CB7 /* 0811 open the door.app */ = {isa = PBXFileReference; explicitFileType = wrapper.application; includeInIndex = 0; path = "0811 open the door.app"; sourceTree = BUILT_PRODUCTS_DIR; };
		7398D939211DF1BE008C7CB7 /* AppDelegate.swift */ = {isa = PBXFileReference; lastKnownFileType = sourcecode.swift; path = AppDelegate.swift; sourceTree = "<group>"; };
		7398D93B211DF1BE008C7CB7 /* ViewController.swift */ = {isa = PBXFileReference; lastKnownFileType = sourcecode.swift; path = ViewController.swift; sourceTree = "<group>"; };
		7398D93E211DF1BE008C7CB7 /* Base */ = {isa = PBXFileReference; lastKnownFileType = file.storyboard; name = Base; path = Base.lproj/Main.storyboard; sourceTree = "<group>"; };
		7398D940211DF1C0008C7CB7 /* Assets.xcassets */ = {isa = PBXFileReference; lastKnownFileType = folder.assetcatalog; path = Assets.xcassets; sourceTree = "<group>"; };
		7398D943211DF1C0008C7CB7 /* Base */ = {isa = PBXFileReference; lastKnownFileType = file.storyboard; name = Base; path = Base.lproj/LaunchScreen.storyboard; sourceTree = "<group>"; };
		7398D945211DF1C0008C7CB7 /* Info.plist */ = {isa = PBXFileReference; lastKnownFileType = text.plist.xml; path = Info.plist; sourceTree = "<group>"; };
		7398D94B211EA88E008C7CB7 /* DoorsTableViewController.swift */ = {isa = PBXFileReference; lastKnownFileType = sourcecode.swift; path = DoorsTableViewController.swift; sourceTree = "<group>"; };
		7398D94D211EA9C1008C7CB7 /* TextViewController.swift */ = {isa = PBXFileReference; lastKnownFileType = sourcecode.swift; path = TextViewController.swift; sourceTree = "<group>"; };
		7398D94F211EA9DB008C7CB7 /* DoorsFile.swift */ = {isa = PBXFileReference; lastKnownFileType = sourcecode.swift; path = DoorsFile.swift; sourceTree = "<group>"; };
/* End PBXFileReference section */

/* Begin PBXFrameworksBuildPhase section */
		7398D933211DF1BE008C7CB7 /* Frameworks */ = {
			isa = PBXFrameworksBuildPhase;
			buildActionMask = 2147483647;
			files = (
			);
			runOnlyForDeploymentPostprocessing = 0;
		};
/* End PBXFrameworksBuildPhase section */

/* Begin PBXGroup section */
		7398D92D211DF1BE008C7CB7 = {
			isa = PBXGroup;
			children = (
				7398D938211DF1BE008C7CB7 /* 0811 open the door */,
				7398D937211DF1BE008C7CB7 /* Products */,
			);
			sourceTree = "<group>";
		};
		7398D937211DF1BE008C7CB7 /* Products */ = {
			isa = PBXGroup;
			children = (
				7398D936211DF1BE008C7CB7 /* 0811 open the door.app */,
			);
			name = Products;
			sourceTree = "<group>";
		};
		7398D938211DF1BE008C7CB7 /* 0811 open the door */ = {
			isa = PBXGroup;
			children = (
				7398D939211DF1BE008C7CB7 /* AppDelegate.swift */,
				7398D93B211DF1BE008C7CB7 /* ViewController.swift */,
				7398D93D211DF1BE008C7CB7 /* Main.storyboard */,
				7398D94B211EA88E008C7CB7 /* DoorsTableViewController.swift */,
				7398D94D211EA9C1008C7CB7 /* TextViewController.swift */,
				7398D94F211EA9DB008C7CB7 /* DoorsFile.swift */,
				7398D940211DF1C0008C7CB7 /* Assets.xcassets */,
				7398D942211DF1C0008C7CB7 /* LaunchScreen.storyboard */,
				7398D945211DF1C0008C7CB7 /* Info.plist */,
			);
			path = "0811 open the door";
			sourceTree = "<group>";
		};
/* End PBXGroup section */

/* Begin PBXNativeTarget section */
		7398D935211DF1BE008C7CB7 /* 0811 open the door */ = {
			isa = PBXNativeTarget;
			buildConfigurationList = 7398D948211DF1C0008C7CB7 /* Build configuration list for PBXNativeTarget "0811 open the door" */;
			buildPhases = (
				7398D932211DF1BE008C7CB7 /* Sources */,
				7398D933211DF1BE008C7CB7 /* Frameworks */,
				7398D934211DF1BE008C7CB7 /* Resources */,
			);
			buildRules = (
			);
			dependencies = (
			);
			name = "0811 open the door";
			productName = "0811 open the door";
			productReference = 7398D936211DF1BE008C7CB7 /* 0811 open the door.app */;
			productType = "com.apple.product-type.application";
		};
/* End PBXNativeTarget section */

/* Begin PBXProject section */
		7398D92E211DF1BE008C7CB7 /* Project object */ = {
			isa = PBXProject;
			attributes = {
				LastSwiftUpdateCheck = 1000;
				LastUpgradeCheck = 1000;
				ORGANIZATIONNAME = "李沐軒";
				TargetAttributes = {
					7398D935211DF1BE008C7CB7 = {
						CreatedOnToolsVersion = 10.0;
					};
				};
			};
			buildConfigurationList = 7398D931211DF1BE008C7CB7 /* Build configuration list for PBXProject "0811 open the door" */;
			compatibilityVersion = "Xcode 9.3";
			developmentRegion = en;
			hasScannedForEncodings = 0;
			knownRegions = (
				en,
				Base,
			);
			mainGroup = 7398D92D211DF1BE008C7CB7;
			productRefGroup = 7398D937211DF1BE008C7CB7 /* Products */;
			projectDirPath = "";
			projectRoot = "";
			targets = (
				7398D935211DF1BE008C7CB7 /* 0811 open the door */,
			);
		};
/* End PBXProject section */

/* Begin PBXResourcesBuildPhase section */
		7398D934211DF1BE008C7CB7 /* Resources */ = {
			isa = PBXResourcesBuildPhase;
			buildActionMask = 2147483647;
			files = (
				7398D944211DF1C0008C7CB7 /* LaunchScreen.storyboard in Resources */,
				7398D941211DF1C0008C7CB7 /* Assets.xcassets in Resources */,
				7398D93F211DF1BE008C7CB7 /* Main.storyboard in Resources */,
			);
			runOnlyForDeploymentPostprocessing = 0;
		};
/* End PBXResourcesBuildPhase section */

/* Begin PBXSourcesBuildPhase section */
		7398D932211DF1BE008C7CB7 /* Sources */ = {
			isa = PBXSourcesBuildPhase;
			buildActionMask = 2147483647;
			files = (
				7398D94C211EA88E008C7CB7 /* DoorsTableViewController.swift in Sources */,
				7398D950211EA9DB008C7CB7 /* DoorsFile.swift in Sources */,
				7398D93C211DF1BE008C7CB7 /* ViewController.swift in Sources */,
				7398D93A211DF1BE008C7CB7 /* AppDelegate.swift in Sources */,
				7398D94E211EA9C1008C7CB7 /* TextViewController.swift in Sources */,
			);
			runOnlyForDeploymentPostprocessing = 0;
		};
/* End PBXSourcesBuildPhase section */

/* Begin PBXVariantGroup section */
		7398D93D211DF1BE008C7CB7 /* Main.storyboard */ = {
			isa = PBXVariantGroup;
			children = (
				7398D93E211DF1BE008C7CB7 /* Base */,
			);
			name = Main.storyboard;
			sourceTree = "<group>";
		};
		7398D942211DF1C0008C7CB7 /* LaunchScreen.storyboard */ = {
			isa = PBXVariantGroup;
			children = (
				7398D943211DF1C0008C7CB7 /* Base */,
			);
			name = LaunchScreen.storyboard;
			sourceTree = "<group>";
		};
/* End PBXVariantGroup section */

/* Begin XCBuildConfiguration section */
		7398D946211DF1C0008C7CB7 /* Debug */ = {
			isa = XCBuildConfiguration;
			buildSettings = {
				ALWAYS_SEARCH_USER_PATHS = NO;
				CLANG_ANALYZER_NONNULL = YES;
				CLANG_ANALYZER_NUMBER_OBJECT_CONVERSION = YES_AGGRESSIVE;
				CLANG_CXX_LANGUAGE_STANDARD = "gnu++14";
				CLANG_CXX_LIBRARY = "libc++";
				CLANG_ENABLE_MODULES = YES;
				CLANG_ENABLE_OBJC_ARC = YES;
				CLANG_ENABLE_OBJC_WEAK = YES;
				CLANG_WARN_BLOCK_CAPTURE_AUTORELEASING = YES;
				CLANG_WARN_BOOL_CONVERSION = YES;
				CLANG_WARN_COMMA = YES;
				CLANG_WARN_CONSTANT_CONVERSION = YES;
				CLANG_WARN_DEPRECATED_OBJC_IMPLEMENTATIONS = YES;
				CLANG_WARN_DIRECT_OBJC_ISA_USAGE = YES_ERROR;
				CLANG_WARN_DOCUMENTATION_COMMENTS = YES;
				CLANG_WARN_EMPTY_BODY = YES;
				CLANG_WARN_ENUM_CONVERSION = YES;
				CLANG_WARN_INFINITE_RECURSION = YES;
				CLANG_WARN_INT_CONVERSION = YES;
				CLANG_WARN_NON_LITERAL_NULL_CONVERSION = YES;
				CLANG_WARN_OBJC_IMPLICIT_RETAIN_SELF = YES;
				CLANG_WARN_OBJC_LITERAL_CONVERSION = YES;
				CLANG_WARN_OBJC_ROOT_CLASS = YES_ERROR;
				CLANG_WARN_RANGE_LOOP_ANALYSIS = YES;
				CLANG_WARN_STRICT_PROTOTYPES = YES;
				CLANG_WARN_SUSPICIOUS_MOVE = YES;
				CLANG_WARN_UNGUARDED_AVAILABILITY = YES_AGGRESSIVE;
				CLANG_WARN_UNREACHABLE_CODE = YES;
				CLANG_WARN__DUPLICATE_METHOD_MATCH = YES;
				CODE_SIGN_IDENTITY = "iPhone Developer";
				COPY_PHASE_STRIP = NO;
				DEBUG_INFORMATION_FORMAT = dwarf;
				ENABLE_STRICT_OBJC_MSGSEND = YES;
				ENABLE_TESTABILITY = YES;
				GCC_C_LANGUAGE_STANDARD = gnu11;
				GCC_DYNAMIC_NO_PIC = NO;
				GCC_NO_COMMON_BLOCKS = YES;
				GCC_OPTIMIZATION_LEVEL = 0;
				GCC_PREPROCESSOR_DEFINITIONS = (
					"DEBUG=1",
					"$(inherited)",
				);
				GCC_WARN_64_TO_32_BIT_CONVERSION = YES;
				GCC_WARN_ABOUT_RETURN_TYPE = YES_ERROR;
				GCC_WARN_UNDECLARED_SELECTOR = YES;
				GCC_WARN_UNINITIALIZED_AUTOS = YES_AGGRESSIVE;
				GCC_WARN_UNUSED_FUNCTION = YES;
				GCC_WARN_UNUSED_VARIABLE = YES;
				IPHONEOS_DEPLOYMENT_TARGET = 12.0;
				MTL_ENABLE_DEBUG_INFO = INCLUDE_SOURCE;
				MTL_FAST_MATH = YES;
				ONLY_ACTIVE_ARCH = YES;
				SDKROOT = iphoneos;
				SWIFT_ACTIVE_COMPILATION_CONDITIONS = DEBUG;
				SWIFT_OPTIMIZATION_LEVEL = "-Onone";
			};
			name = Debug;
		};
		7398D947211DF1C0008C7CB7 /* Release */ = {
			isa = XCBuildConfiguration;
			buildSettings = {
				ALWAYS_SEARCH_USER_PATHS = NO;
				CLANG_ANALYZER_NONNULL = YES;
				CLANG_ANALYZER_NUMBER_OBJECT_CONVERSION = YES_AGGRESSIVE;
				CLANG_CXX_LANGUAGE_STANDARD = "gnu++14";
				CLANG_CXX_LIBRARY = "libc++";
				CLANG_ENABLE_MODULES = YES;
				CLANG_ENABLE_OBJC_ARC = YES;
				CLANG_ENABLE_OBJC_WEAK = YES;
				CLANG_WARN_BLOCK_CAPTURE_AUTORELEASING = YES;
				CLANG_WARN_BOOL_CONVERSION = YES;
				CLANG_WARN_COMMA = YES;
				CLANG_WARN_CONSTANT_CONVERSION = YES;
				CLANG_WARN_DEPRECATED_OBJC_IMPLEMENTATIONS = YES;
				CLANG_WARN_DIRECT_OBJC_ISA_USAGE = YES_ERROR;
				CLANG_WARN_DOCUMENTATION_COMMENTS = YES;
				CLANG_WARN_EMPTY_BODY = YES;
				CLANG_WARN_ENUM_CONVERSION = YES;
				CLANG_WARN_INFINITE_RECURSION = YES;
				CLANG_WARN_INT_CONVERSION = YES;
				CLANG_WARN_NON_LITERAL_NULL_CONVERSION = YES;
				CLANG_WARN_OBJC_IMPLICIT_RETAIN_SELF = YES;
				CLANG_WARN_OBJC_LITERAL_CONVERSION = YES;
				CLANG_WARN_OBJC_ROOT_CLASS = YES_ERROR;
				CLANG_WARN_RANGE_LOOP_ANALYSIS = YES;
				CLANG_WARN_STRICT_PROTOTYPES = YES;
				CLANG_WARN_SUSPICIOUS_MOVE = YES;
				CLANG_WARN_UNGUARDED_AVAILABILITY = YES_AGGRESSIVE;
				CLANG_WARN_UNREACHABLE_CODE = YES;
				CLANG_WARN__DUPLICATE_METHOD_MATCH = YES;
				CODE_SIGN_IDENTITY = "iPhone Developer";
				COPY_PHASE_STRIP = NO;
				DEBUG_INFORMATION_FORMAT = "dwarf-with-dsym";
				ENABLE_NS_ASSERTIONS = NO;
				ENABLE_STRICT_OBJC_MSGSEND = YES;
				GCC_C_LANGUAGE_STANDARD = gnu11;
				GCC_NO_COMMON_BLOCKS = YES;
				GCC_WARN_64_TO_32_BIT_CONVERSION = YES;
				GCC_WARN_ABOUT_RETURN_TYPE = YES_ERROR;
				GCC_WARN_UNDECLARED_SELECTOR = YES;
				GCC_WARN_UNINITIALIZED_AUTOS = YES_AGGRESSIVE;
				GCC_WARN_UNUSED_FUNCTION = YES;
				GCC_WARN_UNUSED_VARIABLE = YES;
				IPHONEOS_DEPLOYMENT_TARGET = 12.0;
				MTL_ENABLE_DEBUG_INFO = NO;
				MTL_FAST_MATH = YES;
				SDKROOT = iphoneos;
				SWIFT_COMPILATION_MODE = wholemodule;
				SWIFT_OPTIMIZATION_LEVEL = "-O";
				VALIDATE_PRODUCT = YES;
			};
			name = Release;
		};
		7398D949211DF1C0008C7CB7 /* Debug */ = {
			isa = XCBuildConfiguration;
			buildSettings = {
				ASSETCATALOG_COMPILER_APPICON_NAME = AppIcon;
				CODE_SIGN_STYLE = Automatic;
				INFOPLIST_FILE = "0811 open the door/Info.plist";
				LD_RUNPATH_SEARCH_PATHS = (
					"$(inherited)",
					"@executable_path/Frameworks",
				);
				PRODUCT_BUNDLE_IDENTIFIER = "com.moon.-811-open-the-door";
				PRODUCT_NAME = "$(TARGET_NAME)";
				SWIFT_VERSION = 4.2;
				TARGETED_DEVICE_FAMILY = "1,2";
			};
			name = Debug;
		};
		7398D94A211DF1C0008C7CB7 /* Release */ = {
			isa = XCBuildConfiguration;
			buildSettings = {
				ASSETCATALOG_COMPILER_APPICON_NAME = AppIcon;
				CODE_SIGN_STYLE = Automatic;
				INFOPLIST_FILE = "0811 open the door/Info.plist";
				LD_RUNPATH_SEARCH_PATHS = (
					"$(inherited)",
					"@executable_path/Frameworks",
				);
				PRODUCT_BUNDLE_IDENTIFIER = "com.moon.-811-open-the-door";
				PRODUCT_NAME = "$(TARGET_NAME)";
				SWIFT_VERSION = 4.2;
				TARGETED_DEVICE_FAMILY = "1,2";
			};
			name = Release;
		};
/* End XCBuildConfiguration section */

/* Begin XCConfigurationList section */
		7398D931211DF1BE008C7CB7 /* Build configuration list for PBXProject "0811 open the door" */ = {
			isa = XCConfigurationList;
			buildConfigurations = (
				7398D946211DF1C0008C7CB7 /* Debug */,
				7398D947211DF1C0008C7CB7 /* Release */,
			);
			defaultConfigurationIsVisible = 0;
			defaultConfigurationName = Release;
		};
		7398D948211DF1C0008C7CB7 /* Build configuration list for PBXNativeTarget "0811 open the door" */ = {
			isa = XCConfigurationList;
			buildConfigurations = (
				7398D949211DF1C0008C7CB7 /* Debug */,
				7398D94A211DF1C0008C7CB7 /* Release */,
			);
			defaultConfigurationIsVisible = 0;
			defaultConfigurationName = Release;
		};
/* End XCConfigurationList section */
	};
	rootObject = 7398D92E211DF1BE008C7CB7 /* Project object */;
}
